<Solution>
  <Folder Name="/Core/">
    <Project Path="src/Migrator/DotNetProjects.Migrator.csproj" />
  </Folder>
  <Folder Name="/examples/">
    <Project Path="examples/FluentQuickStart/FluentQuickStart.csproj" />
  </Folder>
  <Folder Name="/Extras/">
    <File Path="README.md" />
  </Folder>
  <Folder Name="/Extras/.github/" />
  <Folder Name="/Extras/.github/workflows/">
    <File Path=".github/workflows/dotnetpull.yml" />
    <File Path=".github/workflows/release.yml" />
  </Folder>
  <Folder Name="/Solution Items/">
    <File Path=".editorconfig" />
  </Folder>
  <Folder Name="/src/" />
  <Folder Name="/src/Migrator.Extensions.DependencyInjection/">
    <Project Path="src/Migrator.Extensions.DependencyInjection/DotNetProjects.Migrator.Extensions.DependencyInjection.csproj" />
  </Folder>
  <Folder Name="/src/Migrator.Tool/">
    <Project Path="src/Migrator.Tool/DotNetProjects.Migrator.Tool.csproj" />
  </Folder>
  <Folder Name="/src/Migrator/" />
  <Folder Name="/Tests/">
    <Project Path="src/Migrator.Tests/Migrator.Tests.csproj" />
  </Folder>
</Solution>
